
Microsoft Visual Studio Solution File, Format Version 12.00
# Visual Studio Version 17
VisualStudioVersion = 17.9.34902.65
MinimumVisualStudioVersion = 10.0.40219.1
Project("{FAE04EC0-301F-11D3-BF4B-00C04F79EFBC}") = "Lab_Plugins", "Lab_02\Lab_Plugin\Lab_Plugins.csproj", "{0CE1FFEC-AC0F-4376-9DFE-5B6EFFD8BE31}"
	ProjectSection(ProjectDependencies) = postProject
		{2DCA68E1-136D-4329-A8B3-17A73471745A} = {2DCA68E1-136D-4329-A8B3-17A73471745A}
		{47B9BCEB-1D40-4536-8640-D4756BE37A1B} = {47B9BCEB-1D40-4536-8640-D4756BE37A1B}
		{4C8F65DA-C209-4B1A-808D-D80C25AE5511} = {4C8F65DA-C209-4B1A-808D-D80C25AE5511}
		{6F92CA30-B37D-4865-A341-51924B87107B} = {6F92CA30-B37D-4865-A341-51924B87107B}
		{7064E05F-9B9A-4C8A-8AE2-AAFC6BB964BF} = {7064E05F-9B9A-4C8A-8AE2-AAFC6BB964BF}
		{89998C2B-AC08-4170-88F8-285744D4D6D6} = {89998C2B-AC08-4170-88F8-285744D4D6D6}
		{A396BDE0-6915-4F54-B728-BFA70D706E8E} = {A396BDE0-6915-4F54-B728-BFA70D706E8E}
		{AA3633AC-E526-42E8-8BF5-BDB831159541} = {AA3633AC-E526-42E8-8BF5-BDB831159541}
		{C2907F8B-45D3-4CF6-AED2-47158524BC5B} = {C2907F8B-45D3-4CF6-AED2-47158524BC5B}
		{F21166D2-35CF-4131-A737-F62CCE4956EB} = {F21166D2-35CF-4131-A737-F62CCE4956EB}
		{FEF49B0D-470F-432E-A095-E45AD31E3691} = {FEF49B0D-470F-432E-A095-E45AD31E3691}
	EndProjectSection
EndProject
Project("{FAE04EC0-301F-11D3-BF4B-00C04F79EFBC}") = "Lab_Document", "Lab_03\Lab_Document\Lab_Document.csproj", "{2DCA68E1-136D-4329-A8B3-17A73471745A}"
EndProject
Project("{FAE04EC0-301F-11D3-BF4B-00C04F79EFBC}") = "Lab_Model", "Lab_04\Lab_Model\Lab_Model.csproj", "{6F92CA30-B37D-4865-A341-51924B87107B}"
EndProject
Project("{FAE04EC0-301F-11D3-BF4B-00C04F79EFBC}") = "Lab_Selection", "Lab_07\Lab_Selection\Lab_Selection.csproj", "{FEF49B0D-470F-432E-A095-E45AD31E3691}"
EndProject
Project("{2150E333-8FDC-42A3-9474-1A3956D46DE8}") = "Lab_Net_Control", "Lab_Net_Control", "{037E00B3-EB6B-417E-9DC9-3886E68F82E0}"
EndProject
Project("{FAE04EC0-301F-11D3-BF4B-00C04F79EFBC}") = "Nw_Multi_Doc_without_COM", "Lab_11\Lab_Net_Control\Nw_Multi_Doc_without_COM\Nw_Multi_Doc_without_COM.csproj", "{AA3633AC-E526-42E8-8BF5-BDB831159541}"
EndProject
Project("{FAE04EC0-301F-11D3-BF4B-00C04F79EFBC}") = "Nw_Single_Doc_With_COM", "Lab_11\Lab_Net_Control\Nw_Single_Doc_With_COM\Nw_Single_Doc_With_COM.csproj", "{89998C2B-AC08-4170-88F8-285744D4D6D6}"
EndProject
Project("{FAE04EC0-301F-11D3-BF4B-00C04F79EFBC}") = "Nw_Without_View_control", "Lab_11\Lab_Net_Control\Nw_Without_View_control\Nw_Without_View_control.csproj", "{F21166D2-35CF-4131-A737-F62CCE4956EB}"
EndProject
Project("{2150E333-8FDC-42A3-9474-1A3956D46DE8}") = "Lab_Overview", "Lab_Overview", "{852CAC67-211D-4AE3-86E7-F442F9B007D3}"
EndProject
Project("{FAE04EC0-301F-11D3-BF4B-00C04F79EFBC}") = "AppInfo", "Lab_01\SDK_Sample_AppInfo\AppInfo.csproj", "{69EEAB78-9453-4291-BDBD-E4DDA8214462}"
EndProject
Project("{FAE04EC0-301F-11D3-BF4B-00C04F79EFBC}") = "Lab_Properties", "Lab_05\Lab_Properties\Lab_Properties.csproj", "{C2907F8B-45D3-4CF6-AED2-47158524BC5B}"
EndProject
Project("{FAE04EC0-301F-11D3-BF4B-00C04F79EFBC}") = "Lab_Search", "Lab_06\Lab_Search\Lab_Search.csproj", "{4C8F65DA-C209-4B1A-808D-D80C25AE5511}"
EndProject
Project("{FAE04EC0-301F-11D3-BF4B-00C04F79EFBC}") = "Lab_COM_Interop", "Lab_08\Lab_COM_Interop\Lab_COM_Interop.csproj", "{C18F318B-666A-4CE3-A18E-1A3DD6B6E9B9}"
EndProject
Project("{FAE04EC0-301F-11D3-BF4B-00C04F79EFBC}") = "EventWatcherDemo", "Lab_09\EventWatcherDemo\EventWatcherDemo.csproj", "{BF9B112D-C6AD-41C2-B938-B7DDB3AEF35D}"
EndProject
Project("{2150E333-8FDC-42A3-9474-1A3956D46DE8}") = "Lab_Events", "Lab_Events", "{723AE099-3ABD-4E19-BA79-EC7BDC51C5DE}"
EndProject
Project("{FAE04EC0-301F-11D3-BF4B-00C04F79EFBC}") = "Lab_Events", "Lab_09\Lab_Events\Lab_Events.csproj", "{47B9BCEB-1D40-4536-8640-D4756BE37A1B}"
EndProject
Project("{FAE04EC0-301F-11D3-BF4B-00C04F79EFBC}") = "Lab_Viewpoint", "Lab_10\Lab_Viewpoint\Lab_Viewpoint.csproj", "{A396BDE0-6915-4F54-B728-BFA70D706E8E}"
EndProject
Project("{FAE04EC0-301F-11D3-BF4B-00C04F79EFBC}") = "Nw_Single_Doc_With_View", "Lab_11\Lab_Net_Control\Nw_Single_Doc_With_View\Nw_Single_Doc_With_View.csproj", "{7064E05F-9B9A-4C8A-8AE2-AAFC6BB964BF}"
EndProject
Global
	GlobalSection(SolutionConfigurationPlatforms) = preSolution
		Debug|Any CPU = Debug|Any CPU
		Debug|Mixed Platforms = Debug|Mixed Platforms
		Debug|x64 = Debug|x64
		Debug|x86 = Debug|x86
		Release|Any CPU = Release|Any CPU
		Release|Mixed Platforms = Release|Mixed Platforms
		Release|x64 = Release|x64
		Release|x86 = Release|x86
	EndGlobalSection
	GlobalSection(ProjectConfigurationPlatforms) = postSolution
		{0CE1FFEC-AC0F-4376-9DFE-5B6EFFD8BE31}.Debug|Any CPU.ActiveCfg = Debug|Any CPU
		{0CE1FFEC-AC0F-4376-9DFE-5B6EFFD8BE31}.Debug|Any CPU.Build.0 = Debug|Any CPU
		{0CE1FFEC-AC0F-4376-9DFE-5B6EFFD8BE31}.Debug|Mixed Platforms.ActiveCfg = Debug|Any CPU
		{0CE1FFEC-AC0F-4376-9DFE-5B6EFFD8BE31}.Debug|Mixed Platforms.Build.0 = Debug|Any CPU
		{0CE1FFEC-AC0F-4376-9DFE-5B6EFFD8BE31}.Debug|x64.ActiveCfg = Debug|Any CPU
		{0CE1FFEC-AC0F-4376-9DFE-5B6EFFD8BE31}.Debug|x86.ActiveCfg = Debug|Any CPU
		{0CE1FFEC-AC0F-4376-9DFE-5B6EFFD8BE31}.Release|Any CPU.ActiveCfg = Release|Any CPU
		{0CE1FFEC-AC0F-4376-9DFE-5B6EFFD8BE31}.Release|Any CPU.Build.0 = Release|Any CPU
		{0CE1FFEC-AC0F-4376-9DFE-5B6EFFD8BE31}.Release|Mixed Platforms.ActiveCfg = Release|Any CPU
		{0CE1FFEC-AC0F-4376-9DFE-5B6EFFD8BE31}.Release|Mixed Platforms.Build.0 = Release|Any CPU
		{0CE1FFEC-AC0F-4376-9DFE-5B6EFFD8BE31}.Release|x64.ActiveCfg = Release|Any CPU
		{0CE1FFEC-AC0F-4376-9DFE-5B6EFFD8BE31}.Release|x86.ActiveCfg = Release|Any CPU
		{2DCA68E1-136D-4329-A8B3-17A73471745A}.Debug|Any CPU.ActiveCfg = Debug|Any CPU
		{2DCA68E1-136D-4329-A8B3-17A73471745A}.Debug|Any CPU.Build.0 = Debug|Any CPU
		{2DCA68E1-136D-4329-A8B3-17A73471745A}.Debug|Mixed Platforms.ActiveCfg = Debug|Any CPU
		{2DCA68E1-136D-4329-A8B3-17A73471745A}.Debug|Mixed Platforms.Build.0 = Debug|Any CPU
		{2DCA68E1-136D-4329-A8B3-17A73471745A}.Debug|x64.ActiveCfg = Debug|Any CPU
		{2DCA68E1-136D-4329-A8B3-17A73471745A}.Debug|x86.ActiveCfg = Debug|Any CPU
		{2DCA68E1-136D-4329-A8B3-17A73471745A}.Release|Any CPU.ActiveCfg = Release|Any CPU
		{2DCA68E1-136D-4329-A8B3-17A73471745A}.Release|Any CPU.Build.0 = Release|Any CPU
		{2DCA68E1-136D-4329-A8B3-17A73471745A}.Release|Mixed Platforms.ActiveCfg = Release|Any CPU
		{2DCA68E1-136D-4329-A8B3-17A73471745A}.Release|Mixed Platforms.Build.0 = Release|Any CPU
		{2DCA68E1-136D-4329-A8B3-17A73471745A}.Release|x64.ActiveCfg = Release|Any CPU
		{2DCA68E1-136D-4329-A8B3-17A73471745A}.Release|x86.ActiveCfg = Release|Any CPU
		{6F92CA30-B37D-4865-A341-51924B87107B}.Debug|Any CPU.ActiveCfg = Debug|Any CPU
		{6F92CA30-B37D-4865-A341-51924B87107B}.Debug|Any CPU.Build.0 = Debug|Any CPU
		{6F92CA30-B37D-4865-A341-51924B87107B}.Debug|Mixed Platforms.ActiveCfg = Debug|Any CPU
		{6F92CA30-B37D-4865-A341-51924B87107B}.Debug|Mixed Platforms.Build.0 = Debug|Any CPU
		{6F92CA30-B37D-4865-A341-51924B87107B}.Debug|x64.ActiveCfg = Debug|Any CPU
		{6F92CA30-B37D-4865-A341-51924B87107B}.Debug|x86.ActiveCfg = Debug|Any CPU
		{6F92CA30-B37D-4865-A341-51924B87107B}.Release|Any CPU.ActiveCfg = Release|Any CPU
		{6F92CA30-B37D-4865-A341-51924B87107B}.Release|Any CPU.Build.0 = Release|Any CPU
		{6F92CA30-B37D-4865-A341-51924B87107B}.Release|Mixed Platforms.ActiveCfg = Release|Any CPU
		{6F92CA30-B37D-4865-A341-51924B87107B}.Release|Mixed Platforms.Build.0 = Release|Any CPU
		{6F92CA30-B37D-4865-A341-51924B87107B}.Release|x64.ActiveCfg = Release|Any CPU
		{6F92CA30-B37D-4865-A341-51924B87107B}.Release|x86.ActiveCfg = Release|Any CPU
		{FEF49B0D-470F-432E-A095-E45AD31E3691}.Debug|Any CPU.ActiveCfg = Debug|Any CPU
		{FEF49B0D-470F-432E-A095-E45AD31E3691}.Debug|Any CPU.Build.0 = Debug|Any CPU
		{FEF49B0D-470F-432E-A095-E45AD31E3691}.Debug|Mixed Platforms.ActiveCfg = Debug|Any CPU
		{FEF49B0D-470F-432E-A095-E45AD31E3691}.Debug|Mixed Platforms.Build.0 = Debug|Any CPU
		{FEF49B0D-470F-432E-A095-E45AD31E3691}.Debug|x64.ActiveCfg = Debug|Any CPU
		{FEF49B0D-470F-432E-A095-E45AD31E3691}.Debug|x86.ActiveCfg = Debug|Any CPU
		{FEF49B0D-470F-432E-A095-E45AD31E3691}.Release|Any CPU.ActiveCfg = Release|Any CPU
		{FEF49B0D-470F-432E-A095-E45AD31E3691}.Release|Any CPU.Build.0 = Release|Any CPU
		{FEF49B0D-470F-432E-A095-E45AD31E3691}.Release|Mixed Platforms.ActiveCfg = Release|Any CPU
		{FEF49B0D-470F-432E-A095-E45AD31E3691}.Release|Mixed Platforms.Build.0 = Release|Any CPU
		{FEF49B0D-470F-432E-A095-E45AD31E3691}.Release|x64.ActiveCfg = Release|Any CPU
		{FEF49B0D-470F-432E-A095-E45AD31E3691}.Release|x86.ActiveCfg = Release|Any CPU
		{AA3633AC-E526-42E8-8BF5-BDB831159541}.Debug|Any CPU.ActiveCfg = Debug|Any CPU
		{AA3633AC-E526-42E8-8BF5-BDB831159541}.Debug|Any CPU.Build.0 = Debug|Any CPU
		{AA3633AC-E526-42E8-8BF5-BDB831159541}.Debug|Mixed Platforms.ActiveCfg = Debug|x86
		{AA3633AC-E526-42E8-8BF5-BDB831159541}.Debug|Mixed Platforms.Build.0 = Debug|x86
		{AA3633AC-E526-42E8-8BF5-BDB831159541}.Debug|x64.ActiveCfg = Debug|x64
		{AA3633AC-E526-42E8-8BF5-BDB831159541}.Debug|x64.Build.0 = Debug|x64
		{AA3633AC-E526-42E8-8BF5-BDB831159541}.Debug|x86.ActiveCfg = Debug|x86
		{AA3633AC-E526-42E8-8BF5-BDB831159541}.Debug|x86.Build.0 = Debug|x86
		{AA3633AC-E526-42E8-8BF5-BDB831159541}.Release|Any CPU.ActiveCfg = Release|Any CPU
		{AA3633AC-E526-42E8-8BF5-BDB831159541}.Release|Any CPU.Build.0 = Release|Any CPU
		{AA3633AC-E526-42E8-8BF5-BDB831159541}.Release|Mixed Platforms.ActiveCfg = Release|x86
		{AA3633AC-E526-42E8-8BF5-BDB831159541}.Release|Mixed Platforms.Build.0 = Release|x86
		{AA3633AC-E526-42E8-8BF5-BDB831159541}.Release|x64.ActiveCfg = Release|x64
		{AA3633AC-E526-42E8-8BF5-BDB831159541}.Release|x64.Build.0 = Release|x64
		{AA3633AC-E526-42E8-8BF5-BDB831159541}.Release|x86.ActiveCfg = Release|x86
		{AA3633AC-E526-42E8-8BF5-BDB831159541}.Release|x86.Build.0 = Release|x86
		{89998C2B-AC08-4170-88F8-285744D4D6D6}.Debug|Any CPU.ActiveCfg = Debug|Any CPU
		{89998C2B-AC08-4170-88F8-285744D4D6D6}.Debug|Any CPU.Build.0 = Debug|Any CPU
		{89998C2B-AC08-4170-88F8-285744D4D6D6}.Debug|Mixed Platforms.ActiveCfg = Debug|x86
		{89998C2B-AC08-4170-88F8-285744D4D6D6}.Debug|Mixed Platforms.Build.0 = Debug|x86
		{89998C2B-AC08-4170-88F8-285744D4D6D6}.Debug|x64.ActiveCfg = Debug|Any CPU
		{89998C2B-AC08-4170-88F8-285744D4D6D6}.Debug|x86.ActiveCfg = Debug|x86
		{89998C2B-AC08-4170-88F8-285744D4D6D6}.Debug|x86.Build.0 = Debug|x86
		{89998C2B-AC08-4170-88F8-285744D4D6D6}.Release|Any CPU.ActiveCfg = Release|Any CPU
		{89998C2B-AC08-4170-88F8-285744D4D6D6}.Release|Any CPU.Build.0 = Release|Any CPU
		{89998C2B-AC08-4170-88F8-285744D4D6D6}.Release|Mixed Platforms.ActiveCfg = Release|x86
		{89998C2B-AC08-4170-88F8-285744D4D6D6}.Release|Mixed Platforms.Build.0 = Release|x86
		{89998C2B-AC08-4170-88F8-285744D4D6D6}.Release|x64.ActiveCfg = Release|Any CPU
		{89998C2B-AC08-4170-88F8-285744D4D6D6}.Release|x86.ActiveCfg = Release|x86
		{89998C2B-AC08-4170-88F8-285744D4D6D6}.Release|x86.Build.0 = Release|x86
		{F21166D2-35CF-4131-A737-F62CCE4956EB}.Debug|Any CPU.ActiveCfg = Debug|x86
		{F21166D2-35CF-4131-A737-F62CCE4956EB}.Debug|Mixed Platforms.ActiveCfg = Debug|x86
		{F21166D2-35CF-4131-A737-F62CCE4956EB}.Debug|Mixed Platforms.Build.0 = Debug|x86
		{F21166D2-35CF-4131-A737-F62CCE4956EB}.Debug|x64.ActiveCfg = Debug|x86
		{F21166D2-35CF-4131-A737-F62CCE4956EB}.Debug|x86.ActiveCfg = Debug|x86
		{F21166D2-35CF-4131-A737-F62CCE4956EB}.Debug|x86.Build.0 = Debug|x86
		{F21166D2-35CF-4131-A737-F62CCE4956EB}.Release|Any CPU.ActiveCfg = Release|x86
		{F21166D2-35CF-4131-A737-F62CCE4956EB}.Release|Mixed Platforms.ActiveCfg = Release|x86
		{F21166D2-35CF-4131-A737-F62CCE4956EB}.Release|Mixed Platforms.Build.0 = Release|x86
		{F21166D2-35CF-4131-A737-F62CCE4956EB}.Release|x64.ActiveCfg = Release|x86
		{F21166D2-35CF-4131-A737-F62CCE4956EB}.Release|x86.ActiveCfg = Release|x86
		{F21166D2-35CF-4131-A737-F62CCE4956EB}.Release|x86.Build.0 = Release|x86
		{69EEAB78-9453-4291-BDBD-E4DDA8214462}.Debug|Any CPU.ActiveCfg = Debug|Any CPU
		{69EEAB78-9453-4291-BDBD-E4DDA8214462}.Debug|Any CPU.Build.0 = Debug|Any CPU
		{69EEAB78-9453-4291-BDBD-E4DDA8214462}.Debug|Mixed Platforms.ActiveCfg = Debug|Any CPU
		{69EEAB78-9453-4291-BDBD-E4DDA8214462}.Debug|Mixed Platforms.Build.0 = Debug|Any CPU
		{69EEAB78-9453-4291-BDBD-E4DDA8214462}.Debug|x64.ActiveCfg = Debug|Any CPU
		{69EEAB78-9453-4291-BDBD-E4DDA8214462}.Debug|x86.ActiveCfg = Debug|Any CPU
		{69EEAB78-9453-4291-BDBD-E4DDA8214462}.Release|Any CPU.ActiveCfg = Release|Any CPU
		{69EEAB78-9453-4291-BDBD-E4DDA8214462}.Release|Any CPU.Build.0 = Release|Any CPU
		{69EEAB78-9453-4291-BDBD-E4DDA8214462}.Release|Mixed Platforms.ActiveCfg = Release|Any CPU
		{69EEAB78-9453-4291-BDBD-E4DDA8214462}.Release|Mixed Platforms.Build.0 = Release|Any CPU
		{69EEAB78-9453-4291-BDBD-E4DDA8214462}.Release|x64.ActiveCfg = Release|Any CPU
		{69EEAB78-9453-4291-BDBD-E4DDA8214462}.Release|x86.ActiveCfg = Release|Any CPU
		{C2907F8B-45D3-4CF6-AED2-47158524BC5B}.Debug|Any CPU.ActiveCfg = Debug|Any CPU
		{C2907F8B-45D3-4CF6-AED2-47158524BC5B}.Debug|Any CPU.Build.0 = Debug|Any CPU
		{C2907F8B-45D3-4CF6-AED2-47158524BC5B}.Debug|Mixed Platforms.ActiveCfg = Debug|Any CPU
		{C2907F8B-45D3-4CF6-AED2-47158524BC5B}.Debug|Mixed Platforms.Build.0 = Debug|Any CPU
		{C2907F8B-45D3-4CF6-AED2-47158524BC5B}.Debug|x64.ActiveCfg = Debug|Any CPU
		{C2907F8B-45D3-4CF6-AED2-47158524BC5B}.Debug|x86.ActiveCfg = Debug|Any CPU
		{C2907F8B-45D3-4CF6-AED2-47158524BC5B}.Release|Any CPU.ActiveCfg = Release|Any CPU
		{C2907F8B-45D3-4CF6-AED2-47158524BC5B}.Release|Any CPU.Build.0 = Release|Any CPU
		{C2907F8B-45D3-4CF6-AED2-47158524BC5B}.Release|Mixed Platforms.ActiveCfg = Release|Any CPU
		{C2907F8B-45D3-4CF6-AED2-47158524BC5B}.Release|Mixed Platforms.Build.0 = Release|Any CPU
		{C2907F8B-45D3-4CF6-AED2-47158524BC5B}.Release|x64.ActiveCfg = Release|Any CPU
		{C2907F8B-45D3-4CF6-AED2-47158524BC5B}.Release|x86.ActiveCfg = Release|Any CPU
		{4C8F65DA-C209-4B1A-808D-D80C25AE5511}.Debug|Any CPU.ActiveCfg = Debug|Any CPU
		{4C8F65DA-C209-4B1A-808D-D80C25AE5511}.Debug|Any CPU.Build.0 = Debug|Any CPU
		{4C8F65DA-C209-4B1A-808D-D80C25AE5511}.Debug|Mixed Platforms.ActiveCfg = Debug|Any CPU
		{4C8F65DA-C209-4B1A-808D-D80C25AE5511}.Debug|Mixed Platforms.Build.0 = Debug|Any CPU
		{4C8F65DA-C209-4B1A-808D-D80C25AE5511}.Debug|x64.ActiveCfg = Debug|Any CPU
		{4C8F65DA-C209-4B1A-808D-D80C25AE5511}.Debug|x86.ActiveCfg = Debug|Any CPU
		{4C8F65DA-C209-4B1A-808D-D80C25AE5511}.Release|Any CPU.ActiveCfg = Release|Any CPU
		{4C8F65DA-C209-4B1A-808D-D80C25AE5511}.Release|Any CPU.Build.0 = Release|Any CPU
		{4C8F65DA-C209-4B1A-808D-D80C25AE5511}.Release|Mixed Platforms.ActiveCfg = Release|Any CPU
		{4C8F65DA-C209-4B1A-808D-D80C25AE5511}.Release|Mixed Platforms.Build.0 = Release|Any CPU
		{4C8F65DA-C209-4B1A-808D-D80C25AE5511}.Release|x64.ActiveCfg = Release|Any CPU
		{4C8F65DA-C209-4B1A-808D-D80C25AE5511}.Release|x86.ActiveCfg = Release|Any CPU
		{C18F318B-666A-4CE3-A18E-1A3DD6B6E9B9}.Debug|Any CPU.ActiveCfg = Debug|Any CPU
		{C18F318B-666A-4CE3-A18E-1A3DD6B6E9B9}.Debug|Any CPU.Build.0 = Debug|Any CPU
		{C18F318B-666A-4CE3-A18E-1A3DD6B6E9B9}.Debug|Mixed Platforms.ActiveCfg = Debug|Any CPU
		{C18F318B-666A-4CE3-A18E-1A3DD6B6E9B9}.Debug|Mixed Platforms.Build.0 = Debug|Any CPU
		{C18F318B-666A-4CE3-A18E-1A3DD6B6E9B9}.Debug|x64.ActiveCfg = Debug|Any CPU
		{C18F318B-666A-4CE3-A18E-1A3DD6B6E9B9}.Debug|x86.ActiveCfg = Debug|Any CPU
		{C18F318B-666A-4CE3-A18E-1A3DD6B6E9B9}.Release|Any CPU.ActiveCfg = Release|Any CPU
		{C18F318B-666A-4CE3-A18E-1A3DD6B6E9B9}.Release|Any CPU.Build.0 = Release|Any CPU
		{C18F318B-666A-4CE3-A18E-1A3DD6B6E9B9}.Release|Mixed Platforms.ActiveCfg = Release|Any CPU
		{C18F318B-666A-4CE3-A18E-1A3DD6B6E9B9}.Release|Mixed Platforms.Build.0 = Release|Any CPU
		{C18F318B-666A-4CE3-A18E-1A3DD6B6E9B9}.Release|x64.ActiveCfg = Release|Any CPU
		{C18F318B-666A-4CE3-A18E-1A3DD6B6E9B9}.Release|x86.ActiveCfg = Release|Any CPU
		{BF9B112D-C6AD-41C2-B938-B7DDB3AEF35D}.Debug|Any CPU.ActiveCfg = Debug|Any CPU
		{BF9B112D-C6AD-41C2-B938-B7DDB3AEF35D}.Debug|Any CPU.Build.0 = Debug|Any CPU
		{BF9B112D-C6AD-41C2-B938-B7DDB3AEF35D}.Debug|Mixed Platforms.ActiveCfg = Debug|Any CPU
		{BF9B112D-C6AD-41C2-B938-B7DDB3AEF35D}.Debug|Mixed Platforms.Build.0 = Debug|Any CPU
		{BF9B112D-C6AD-41C2-B938-B7DDB3AEF35D}.Debug|x64.ActiveCfg = Debug|Any CPU
		{BF9B112D-C6AD-41C2-B938-B7DDB3AEF35D}.Debug|x86.ActiveCfg = Debug|Any CPU
		{BF9B112D-C6AD-41C2-B938-B7DDB3AEF35D}.Release|Any CPU.ActiveCfg = Release|Any CPU
		{BF9B112D-C6AD-41C2-B938-B7DDB3AEF35D}.Release|Any CPU.Build.0 = Release|Any CPU
		{BF9B112D-C6AD-41C2-B938-B7DDB3AEF35D}.Release|Mixed Platforms.ActiveCfg = Release|Any CPU
		{BF9B112D-C6AD-41C2-B938-B7DDB3AEF35D}.Release|Mixed Platforms.Build.0 = Release|Any CPU
		{BF9B112D-C6AD-41C2-B938-B7DDB3AEF35D}.Release|x64.ActiveCfg = Release|Any CPU
		{BF9B112D-C6AD-41C2-B938-B7DDB3AEF35D}.Release|x86.ActiveCfg = Release|Any CPU
		{47B9BCEB-1D40-4536-8640-D4756BE37A1B}.Debug|Any CPU.ActiveCfg = Debug|Any CPU
		{47B9BCEB-1D40-4536-8640-D4756BE37A1B}.Debug|Any CPU.Build.0 = Debug|Any CPU
		{47B9BCEB-1D40-4536-8640-D4756BE37A1B}.Debug|Mixed Platforms.ActiveCfg = Debug|Any CPU
		{47B9BCEB-1D40-4536-8640-D4756BE37A1B}.Debug|Mixed Platforms.Build.0 = Debug|Any CPU
		{47B9BCEB-1D40-4536-8640-D4756BE37A1B}.Debug|x64.ActiveCfg = Debug|Any CPU
		{47B9BCEB-1D40-4536-8640-D4756BE37A1B}.Debug|x86.ActiveCfg = Debug|Any CPU
		{47B9BCEB-1D40-4536-8640-D4756BE37A1B}.Release|Any CPU.ActiveCfg = Release|Any CPU
		{47B9BCEB-1D40-4536-8640-D4756BE37A1B}.Release|Any CPU.Build.0 = Release|Any CPU
		{47B9BCEB-1D40-4536-8640-D4756BE37A1B}.Release|Mixed Platforms.ActiveCfg = Release|Any CPU
		{47B9BCEB-1D40-4536-8640-D4756BE37A1B}.Release|Mixed Platforms.Build.0 = Release|Any CPU
		{47B9BCEB-1D40-4536-8640-D4756BE37A1B}.Release|x64.ActiveCfg = Release|Any CPU
		{47B9BCEB-1D40-4536-8640-D4756BE37A1B}.Release|x86.ActiveCfg = Release|Any CPU
		{A396BDE0-6915-4F54-B728-BFA70D706E8E}.Debug|Any CPU.ActiveCfg = Debug|Any CPU
		{A396BDE0-6915-4F54-B728-BFA70D706E8E}.Debug|Any CPU.Build.0 = Debug|Any CPU
		{A396BDE0-6915-4F54-B728-BFA70D706E8E}.Debug|Mixed Platforms.ActiveCfg = Debug|Any CPU
		{A396BDE0-6915-4F54-B728-BFA70D706E8E}.Debug|Mixed Platforms.Build.0 = Debug|Any CPU
		{A396BDE0-6915-4F54-B728-BFA70D706E8E}.Debug|x64.ActiveCfg = Debug|Any CPU
		{A396BDE0-6915-4F54-B728-BFA70D706E8E}.Debug|x86.ActiveCfg = Debug|Any CPU
		{A396BDE0-6915-4F54-B728-BFA70D706E8E}.Release|Any CPU.ActiveCfg = Release|Any CPU
		{A396BDE0-6915-4F54-B728-BFA70D706E8E}.Release|Any CPU.Build.0 = Release|Any CPU
		{A396BDE0-6915-4F54-B728-BFA70D706E8E}.Release|Mixed Platforms.ActiveCfg = Release|Any CPU
		{A396BDE0-6915-4F54-B728-BFA70D706E8E}.Release|Mixed Platforms.Build.0 = Release|Any CPU
		{A396BDE0-6915-4F54-B728-BFA70D706E8E}.Release|x64.ActiveCfg = Release|Any CPU
		{A396BDE0-6915-4F54-B728-BFA70D706E8E}.Release|x86.ActiveCfg = Release|Any CPU
		{7064E05F-9B9A-4C8A-8AE2-AAFC6BB964BF}.Debug|Any CPU.ActiveCfg = Debug|Any CPU
		{7064E05F-9B9A-4C8A-8AE2-AAFC6BB964BF}.Debug|Any CPU.Build.0 = Debug|Any CPU
		{7064E05F-9B9A-4C8A-8AE2-AAFC6BB964BF}.Debug|Mixed Platforms.ActiveCfg = Debug|Any CPU
		{7064E05F-9B9A-4C8A-8AE2-AAFC6BB964BF}.Debug|Mixed Platforms.Build.0 = Debug|Any CPU
		{7064E05F-9B9A-4C8A-8AE2-AAFC6BB964BF}.Debug|x64.ActiveCfg = Debug|Any CPU
		{7064E05F-9B9A-4C8A-8AE2-AAFC6BB964BF}.Debug|x86.ActiveCfg = Debug|Any CPU
		{7064E05F-9B9A-4C8A-8AE2-AAFC6BB964BF}.Release|Any CPU.ActiveCfg = Release|Any CPU
		{7064E05F-9B9A-4C8A-8AE2-AAFC6BB964BF}.Release|Any CPU.Build.0 = Release|Any CPU
		{7064E05F-9B9A-4C8A-8AE2-AAFC6BB964BF}.Release|Mixed Platforms.ActiveCfg = Release|Any CPU
		{7064E05F-9B9A-4C8A-8AE2-AAFC6BB964BF}.Release|Mixed Platforms.Build.0 = Release|Any CPU
		{7064E05F-9B9A-4C8A-8AE2-AAFC6BB964BF}.Release|x64.ActiveCfg = Release|Any CPU
		{7064E05F-9B9A-4C8A-8AE2-AAFC6BB964BF}.Release|x86.ActiveCfg = Release|Any CPU
	EndGlobalSection
	GlobalSection(SolutionProperties) = preSolution
		HideSolutionNode = FALSE
	EndGlobalSection
	GlobalSection(NestedProjects) = preSolution
		{AA3633AC-E526-42E8-8BF5-BDB831159541} = {037E00B3-EB6B-417E-9DC9-3886E68F82E0}
		{89998C2B-AC08-4170-88F8-285744D4D6D6} = {037E00B3-EB6B-417E-9DC9-3886E68F82E0}
		{F21166D2-35CF-4131-A737-F62CCE4956EB} = {037E00B3-EB6B-417E-9DC9-3886E68F82E0}
		{69EEAB78-9453-4291-BDBD-E4DDA8214462} = {852CAC67-211D-4AE3-86E7-F442F9B007D3}
		{BF9B112D-C6AD-41C2-B938-B7DDB3AEF35D} = {723AE099-3ABD-4E19-BA79-EC7BDC51C5DE}
		{47B9BCEB-1D40-4536-8640-D4756BE37A1B} = {723AE099-3ABD-4E19-BA79-EC7BDC51C5DE}
		{7064E05F-9B9A-4C8A-8AE2-AAFC6BB964BF} = {037E00B3-EB6B-417E-9DC9-3886E68F82E0}
	EndGlobalSection
EndGlobal
